
Microsoft Visual Studio Solution File, Format Version 12.00
# Visual Studio Version 16
VisualStudioVersion = 16.0.29009.5
MinimumVisualStudioVersion = 10.0.40219.1
Project("{FAE04EC0-301F-11D3-BF4B-00C04F79EFBC}") = "Lab Sheet 7", "Lab Sheet 7\Lab Sheet 7.csproj", "{5E541A2C-1C59-46A7-AA6C-3E4F1C57BAC3}"
EndProject
Global
	GlobalSection(SolutionConfigurationPlatforms) = preSolution
		Debug|Any CPU = Debug|Any CPU
		Release|Any CPU = Release|Any CPU
	EndGlobalSection
	GlobalSection(ProjectConfigurationPlatforms) = postSolution
		{5E541A2C-1C59-46A7-AA6C-3E4F1C57BAC3}.Debug|Any CPU.ActiveCfg = Debug|Any CPU
		{5E541A2C-1C59-46A7-AA6C-3E4F1C57BAC3}.Debug|Any CPU.Build.0 = Debug|Any CPU
		{5E541A2C-1C59-46A7-AA6C-3E4F1C57BAC3}.Release|Any CPU.ActiveCfg = Release|Any CPU
		{5E541A2C-1C59-46A7-AA6C-3E4F1C57BAC3}.Release|Any CPU.Build.0 = Release|Any CPU
	EndGlobalSection
	GlobalSection(SolutionProperties) = preSolution
		HideSolutionNode = FALSE
	EndGlobalSection
	GlobalSection(ExtensibilityGlobals) = postSolution
		SolutionGuid = {95000DE2-E9C3-4735-8F3F-F729CF1AEE95}
	EndGlobalSection
EndGlobal
